{
  "name": "othello",
  "version": "1.0.0",
  "lockfileVersion": 1,
  "requires": true,
  "dependencies": {
    "sweetalert2": {
      "version": "11.2.2",
      "resolved": "https://registry.npmjs.org/sweetalert2/-/sweetalert2-11.2.2.tgz",
      "integrity": "sha512-3j7Ks4jKZhP1no4C220CLfW3sFuxmqfeOvK9zDxcGeZ5cBYss8WlPUh8NYo9wTQ5mWScya6CNuZglEPQAvI33A=="
    }
  }
}
